
Microsoft Visual Studio Solution File, Format Version 12.00
# Visual Studio Version 16
VisualStudioVersion = 16.0.30804.86
MinimumVisualStudioVersion = 10.0.40219.1
Project("{FAE04EC0-301F-11D3-BF4B-00C04F79EFBC}") = "LocalBetBiga", "LocalBetBiga.csproj", "{36965FC2-B543-499A-91CE-B372D6DAD91B}"
EndProject
Global
	GlobalSection(SolutionConfigurationPlatforms) = preSolution
		Debug|Any CPU = Debug|Any CPU
		Release|Any CPU = Release|Any CPU
	EndGlobalSection
	GlobalSection(ProjectConfigurationPlatforms) = postSolution
		{36965FC2-B543-499A-91CE-B372D6DAD91B}.Debug|Any CPU.ActiveCfg = Debug|Any CPU
		{36965FC2-B543-499A-91CE-B372D6DAD91B}.Debug|Any CPU.Build.0 = Debug|Any CPU
		{36965FC2-B543-499A-91CE-B372D6DAD91B}.Release|Any CPU.ActiveCfg = Release|Any CPU
		{36965FC2-B543-499A-91CE-B372D6DAD91B}.Release|Any CPU.Build.0 = Release|Any CPU
	EndGlobalSection
	GlobalSection(SolutionProperties) = preSolution
		HideSolutionNode = FALSE
	EndGlobalSection
	GlobalSection(ExtensibilityGlobals) = postSolution
		SolutionGuid = {C8A12197-091B-4E03-B4C8-D4D4E7E7DA58}
	EndGlobalSection
EndGlobal
